<?xml version="1.0" encoding="utf-8"?>
<Project ToolsVersion="4.0" xmlns="http://schemas.microsoft.com/developer/msbuild/2003">
  <ItemGroup>
    <Filter Include="Source Files">
      <UniqueIdentifier>{4FC737F1-C7A5-4376-A066-2A32D752A2FF}</UniqueIdentifier>
      <Extensions>cpp;c;cc;cxx;c++;cppm;ixx;def;odl;idl;hpj;bat;asm;asmx</Extensions>
    </Filter>
    <Filter Include="Header Files">
      <UniqueIdentifier>{93995380-89BD-4b04-88EB-625FBE52EBFB}</UniqueIdentifier>
      <Extensions>h;hh;hpp;hxx;h++;hm;inl;inc;ipp;xsd</Extensions>
    </Filter>
    <Filter Include="Resource Files">
      <UniqueIdentifier>{67DA6AB6-F800-4c08-8B7A-83BB121AAD01}</UniqueIdentifier>
      <Extensions>rc;ico;cur;bmp;dlg;rc2;rct;bin;rgs;gif;jpg;jpeg;jpe;resx;tiff;tif;png;wav;mfcribbon-ms</Extensions>
    </Filter>
  </ItemGroup>
  <ItemGroup>
    <ClCompile Include="divideImpera.cpp">
      <Filter>Source Files</Filter>
    </ClCompile>
    <ClCompile Include="TowerOfHanoi.cpp">
      <Filter>Source Files</Filter>
    </ClCompile>
    <ClCompile Include="Plieri.cpp">
      <Filter>Source Files</Filter>
    </ClCompile>
    <ClCompile Include="PlieriCuScadere.cpp">
      <Filter>Source Files</Filter>
    </ClCompile>
    <ClCompile Include="Taieturi.cpp">
      <Filter>Source Files</Filter>
    </ClCompile>
    <ClCompile Include="Descompunere.cpp">
      <Filter>Source Files</Filter>
    </ClCompile>
    <ClCompile Include="Pb3.cpp">
      <Filter>Source Files</Filter>
    </ClCompile>
    <ClCompile Include="Pb4.cpp">
      <Filter>Source Files</Filter>
    </ClCompile>
    <ClCompile Include="Pb5.cpp">
      <Filter>Source Files</Filter>
    </ClCompile>
    <ClCompile Include="Pb6.cpp">
      <Filter>Source Files</Filter>
    </ClCompile>
    <ClCompile Include="Pb7.cpp">
      <Filter>Source Files</Filter>
    </ClCompile>
    <ClCompile Include="Pb9.cpp">
      <Filter>Source Files</Filter>
    </ClCompile>
    <ClCompile Include="Pb10.cpp">
      <Filter>Source Files</Filter>
    </ClCompile>
    <ClCompile Include="Pb11.cpp">
      <Filter>Source Files</Filter>
    </ClCompile>
    <ClCompile Include="Pb12.cpp">
      <Filter>Source Files</Filter>
    </ClCompile>
    <ClCompile Include="Pb13.cpp">
      <Filter>Source Files</Filter>
    </ClCompile>
    <ClCompile Include="Pb14.cpp">
      <Filter>Source Files</Filter>
    </ClCompile>
  </ItemGroup>
  <ItemGroup>
    <ClInclude Include="TowerOfHanoi.h">
      <Filter>Header Files</Filter>
    </ClInclude>
    <ClInclude Include="Plieri.h">
      <Filter>Header Files</Filter>
    </ClInclude>
    <ClInclude Include="PlieriCuScadere.h">
      <Filter>Header Files</Filter>
    </ClInclude>
    <ClInclude Include="Taieturi.h">
      <Filter>Header Files</Filter>
    </ClInclude>
    <ClInclude Include="Descompunere.h">
      <Filter>Header Files</Filter>
    </ClInclude>
    <ClInclude Include="Pb3.h">
      <Filter>Header Files</Filter>
    </ClInclude>
    <ClInclude Include="Pb4.h">
      <Filter>Header Files</Filter>
    </ClInclude>
    <ClInclude Include="Pb5.h">
      <Filter>Header Files</Filter>
    </ClInclude>
    <ClInclude Include="Pb6.h">
      <Filter>Header Files</Filter>
    </ClInclude>
    <ClInclude Include="Pb7.h">
      <Filter>Header Files</Filter>
    </ClInclude>
    <ClInclude Include="Pb9.h">
      <Filter>Header Files</Filter>
    </ClInclude>
    <ClInclude Include="Pb10.h">
      <Filter>Header Files</Filter>
    </ClInclude>
    <ClInclude Include="Pb11.h">
      <Filter>Header Files</Filter>
    </ClInclude>
    <ClInclude Include="Pb12.h">
      <Filter>Header Files</Filter>
    </ClInclude>
    <ClInclude Include="Pb13.h">
      <Filter>Header Files</Filter>
    </ClInclude>
    <ClInclude Include="Pb14.h">
      <Filter>Header Files</Filter>
    </ClInclude>
  </ItemGroup>
  <ItemGroup>
    <Text Include="Fin.txt">
      <Filter>Resource Files</Filter>
    </Text>
  </ItemGroup>
</Project>